
Microsoft Visual Studio Solution File, Format Version 12.00
# Visual Studio Version 16
VisualStudioVersion = 16.0.37530.7
MinimumVisualStudioVersion = 10.0.40219.1
Project("{FAE04EC0-301F-11D3-BF4B-00C04F79EFBC}") = "CalculatorMatrix", "CalculatorMatrix.csproj", "{B7B45245-EA86-4AC3-8C2A-D9ECC5504184}"
EndProject
Global
	GlobalSection(SolutionConfigurationPlatforms) = preSolution
		Debug|Any CPU = Debug|Any CPU
		Release|Any CPU = Release|Any CPU
	EndGlobalSection
	GlobalSection(ProjectConfigurationPlatforms) = postSolution
		{B7B45245-EA86-4AC3-8C2A-D9ECC5504184}.Debug|Any CPU.ActiveCfg = Debug|Any CPU
		{B7B45245-EA86-4AC3-8C2A-D9ECC5504184}.Debug|Any CPU.Build.0 = Debug|Any CPU
		{B7B45245-EA86-4AC3-8C2A-D9ECC5504184}.Release|Any CPU.ActiveCfg = Release|Any CPU
		{B7B45245-EA86-4AC3-8C2A-D9ECC5504184}.Release|Any CPU.Build.0 = Release|Any CPU
	EndGlobalSection
	GlobalSection(SolutionProperties) = preSolution
		HideSolutionNode = FALSE
	EndGlobalSection
	GlobalSection(ExtensibilityGlobals) = postSolution
		SolutionGuid = {ACDD29E0-8770-49F8-B378-1C2C66662C34}
	EndGlobalSection
EndGlobal
